
Microsoft Visual Studio Solution File, Format Version 12.00
Project("{FAE04EC0-301F-11D3-BF4B-00C04F79EFBC}") = "backend", "backend.csproj", "{43B82631-ACD4-41F8-873C-60E12CA0D9F1}"
EndProject
Global
	GlobalSection(SolutionConfigurationPlatforms) = preSolution
		Debug|Any CPU = Debug|Any CPU
		Release|Any CPU = Release|Any CPU
	EndGlobalSection
	GlobalSection(ProjectConfigurationPlatforms) = postSolution
		{43B82631-ACD4-41F8-873C-60E12CA0D9F1}.Debug|Any CPU.ActiveCfg = Debug|Any CPU
		{43B82631-ACD4-41F8-873C-60E12CA0D9F1}.Debug|Any CPU.Build.0 = Debug|Any CPU
		{43B82631-ACD4-41F8-873C-60E12CA0D9F1}.Release|Any CPU.ActiveCfg = Release|Any CPU
		{43B82631-ACD4-41F8-873C-60E12CA0D9F1}.Release|Any CPU.Build.0 = Release|Any CPU
	EndGlobalSection
EndGlobal
